
Microsoft Visual Studio Solution File, Format Version 12.00
Project("{FAE04EC0-301F-11D3-BF4B-00C04F79EFBC}") = "MaktabBlog.Presentation", "MaktabBlog.Presentation\MaktabBlog.Presentation.csproj", "{ADD41C23-359A-492D-914F-9ED400CD77CB}"
EndProject
Global
	GlobalSection(SolutionConfigurationPlatforms) = preSolution
		Debug|Any CPU = Debug|Any CPU
		Release|Any CPU = Release|Any CPU
	EndGlobalSection
	GlobalSection(ProjectConfigurationPlatforms) = postSolution
		{ADD41C23-359A-492D-914F-9ED400CD77CB}.Debug|Any CPU.ActiveCfg = Debug|Any CPU
		{ADD41C23-359A-492D-914F-9ED400CD77CB}.Debug|Any CPU.Build.0 = Debug|Any CPU
		{ADD41C23-359A-492D-914F-9ED400CD77CB}.Release|Any CPU.ActiveCfg = Release|Any CPU
		{ADD41C23-359A-492D-914F-9ED400CD77CB}.Release|Any CPU.Build.0 = Release|Any CPU
	EndGlobalSection
EndGlobal
